
Microsoft Visual Studio Solution File, Format Version 12.00
# Visual Studio Version 17
VisualStudioVersion = 17.7.34009.444
MinimumVisualStudioVersion = 10.0.40219.1
Project("{8BC9CEB8-8B4A-11D0-8D11-00A0C91BC942}") = "SymbolRate", "SymbolRate\SymbolRate.vcxproj", "{3C2548E2-2C45-4996-B505-3DD13A4C447F}"
EndProject
Global
	GlobalSection(SolutionConfigurationPlatforms) = preSolution
		Debug|x64 = Debug|x64
		Debug|x86 = Debug|x86
		Release|x64 = Release|x64
		Release|x86 = Release|x86
	EndGlobalSection
	GlobalSection(ProjectConfigurationPlatforms) = postSolution
		{3C2548E2-2C45-4996-B505-3DD13A4C447F}.Debug|x64.ActiveCfg = Debug|x64
		{3C2548E2-2C45-4996-B505-3DD13A4C447F}.Debug|x64.Build.0 = Debug|x64
		{3C2548E2-2C45-4996-B505-3DD13A4C447F}.Debug|x86.ActiveCfg = Debug|Win32
		{3C2548E2-2C45-4996-B505-3DD13A4C447F}.Debug|x86.Build.0 = Debug|Win32
		{3C2548E2-2C45-4996-B505-3DD13A4C447F}.Release|x64.ActiveCfg = Release|x64
		{3C2548E2-2C45-4996-B505-3DD13A4C447F}.Release|x64.Build.0 = Release|x64
		{3C2548E2-2C45-4996-B505-3DD13A4C447F}.Release|x86.ActiveCfg = Release|Win32
		{3C2548E2-2C45-4996-B505-3DD13A4C447F}.Release|x86.Build.0 = Release|Win32
	EndGlobalSection
	GlobalSection(SolutionProperties) = preSolution
		HideSolutionNode = FALSE
	EndGlobalSection
	GlobalSection(ExtensibilityGlobals) = postSolution
		SolutionGuid = {299F3E99-1325-4786-9165-19B1CAADF616}
	EndGlobalSection
EndGlobal
